
Microsoft Visual Studio Solution File, Format Version 12.00
# Visual Studio Version 17
VisualStudioVersion = 17.4.33122.133
MinimumVisualStudioVersion = 10.0.40219.1
Project("{FAE04EC0-301F-11D3-BF4B-00C04F79EFBC}") = "VR-Sync", "VR-Sync\VR-Sync.csproj", "{15BF9282-AFA6-44FC-AE82-C006BE0CF1C0}"
EndProject
Global
	GlobalSection(SolutionConfigurationPlatforms) = preSolution
		Debug|Any CPU = Debug|Any CPU
		Release|Any CPU = Release|Any CPU
	EndGlobalSection
	GlobalSection(ProjectConfigurationPlatforms) = postSolution
		{15BF9282-AFA6-44FC-AE82-C006BE0CF1C0}.Debug|Any CPU.ActiveCfg = Debug|Any CPU
		{15BF9282-AFA6-44FC-AE82-C006BE0CF1C0}.Debug|Any CPU.Build.0 = Debug|Any CPU
		{15BF9282-AFA6-44FC-AE82-C006BE0CF1C0}.Release|Any CPU.ActiveCfg = Release|Any CPU
		{15BF9282-AFA6-44FC-AE82-C006BE0CF1C0}.Release|Any CPU.Build.0 = Release|Any CPU
	EndGlobalSection
	GlobalSection(SolutionProperties) = preSolution
		HideSolutionNode = FALSE
	EndGlobalSection
	GlobalSection(ExtensibilityGlobals) = postSolution
		SolutionGuid = {BEC3687C-B006-49BF-AA7C-70936B238A26}
	EndGlobalSection
EndGlobal
